{
    "_readme": [
        "This file locks the dependencies of your project to a known state",
        "Read more about it at https://getcomposer.org/doc/01-basic-usage.md#composer-lock-the-lock-file",
        "This file is @generated automatically"
    ],
    "hash": "901b4864eb94637ae7106e14c7ee1f04",
    "packages": [
        {
            "name": "vrana/adminer",
            "version": "v4.2.2",
            "source": {
                "type": "git",
                "url": "https://github.com/vrana/adminer.git",
                "reference": "596f8df373cd3efe5bcb6013858bd7a6bb5ecb2c"
            },
            "dist": {
                "type": "zip",
                "url": "https://api.github.com/repos/vrana/adminer/zipball/596f8df373cd3efe5bcb6013858bd7a6bb5ecb2c",
                "reference": "596f8df373cd3efe5bcb6013858bd7a6bb5ecb2c",
                "shasum": ""
            },
            "type": "library",
            "autoload": {
                "classmap": [
                    "plugins/"
                ]
            },
            "notification-url": "https://packagist.org/downloads/",
            "license": [
                "Apache-2.0",
                "GPL-2.0"
            ],
            "authors": [
                {
                    "name": "Jakub Vrána",
                    "homepage": "http://www.vrana.cz/"
                }
            ],
            "description": "Database management in a single PHP file.",
            "homepage": "http://www.adminer.org/",
            "keywords": [
                "database"
            ],
            "time": "2015-08-06 01:12:36"
        }
    ],
    "packages-dev": [],
    "aliases": [],
    "minimum-stability": "stable",
    "stability-flags": [],
    "prefer-stable": false,
    "prefer-lowest": false,
    "platform": [],
    "platform-dev": []
}
